// !$*UTF8*$!
{
	archiveVersion = 1;
	classes = {
	};
	objectVersion = 50;
	objects = {

/* Begin PBXBuildFile section */
		D71A06BF242E5340004DAA58 /* AppDelegate.swift in Sources */ = {isa = PBXBuildFile; fileRef = D71A06BE242E5340004DAA58 /* AppDelegate.swift */; };
		D71A06C3242E5340004DAA58 /* ViewController.swift in Sources */ = {isa = PBXBuildFile; fileRef = D71A06C2242E5340004DAA58 /* ViewController.swift */; };
		D71A06C6242E5340004DAA58 /* Main.storyboard in Resources */ = {isa = PBXBuildFile; fileRef = D71A06C4242E5340004DAA58 /* Main.storyboard */; };
		D71A06C8242E5342004DAA58 /* Assets.xcassets in Resources */ = {isa = PBXBuildFile; fileRef = D71A06C7242E5342004DAA58 /* Assets.xcassets */; };
		D71A06CB242E5342004DAA58 /* LaunchScreen.storyboard in Resources */ = {isa = PBXBuildFile; fileRef = D71A06C9242E5342004DAA58 /* LaunchScreen.storyboard */; };
		D71A06D42433B62B004DAA58 /* AllCitiesController.swift in Sources */ = {isa = PBXBuildFile; fileRef = D71A06D32433B62B004DAA58 /* AllCitiesController.swift */; };
		D71A06D62433B665004DAA58 /* AllCitiesCell.swift in Sources */ = {isa = PBXBuildFile; fileRef = D71A06D52433B665004DAA58 /* AllCitiesCell.swift */; };
		D71A06DB2433BEA8004DAA58 /* MyCitiesCell.swift in Sources */ = {isa = PBXBuildFile; fileRef = D71A06DA2433BEA8004DAA58 /* MyCitiesCell.swift */; };
		D71A06DD2433BEF2004DAA58 /* MyCitiesController.swift in Sources */ = {isa = PBXBuildFile; fileRef = D71A06DC2433BEF2004DAA58 /* MyCitiesController.swift */; };
		D71A06E42434E364004DAA58 /* WeatherViewController.swift in Sources */ = {isa = PBXBuildFile; fileRef = D71A06E32434E364004DAA58 /* WeatherViewController.swift */; };
		D71A06E62434E395004DAA58 /* WeatherCell.swift in Sources */ = {isa = PBXBuildFile; fileRef = D71A06E52434E395004DAA58 /* WeatherCell.swift */; };
		D71A0706243893FC004DAA58 /* GradientView.swift in Sources */ = {isa = PBXBuildFile; fileRef = D71A0705243893FC004DAA58 /* GradientView.swift */; };
		D75763AD2441CF8B0065E684 /* day.swift in Sources */ = {isa = PBXBuildFile; fileRef = D75763AC2441CF8B0065E684 /* day.swift */; };
		D75763AF2441D3410065E684 /* WeekDayPicker.swift in Sources */ = {isa = PBXBuildFile; fileRef = D75763AE2441D3410065E684 /* WeekDayPicker.swift */; };
		D75763B724421DCC0065E684 /* CircleImage.swift in Sources */ = {isa = PBXBuildFile; fileRef = D75763B624421DCC0065E684 /* CircleImage.swift */; };
		D75763BC2442223C0065E684 /* CityAll.swift in Sources */ = {isa = PBXBuildFile; fileRef = D75763BB2442223C0065E684 /* CityAll.swift */; };
		D75763BE24424C080065E684 /* WeatherCollectionViewLayout.swift in Sources */ = {isa = PBXBuildFile; fileRef = D75763BD24424C080065E684 /* WeatherCollectionViewLayout.swift */; };
/* End PBXBuildFile section */

/* Begin PBXFileReference section */
		D71A06BB242E5340004DAA58 /* WeatherApplication.app */ = {isa = PBXFileReference; explicitFileType = wrapper.application; includeInIndex = 0; path = WeatherApplication.app; sourceTree = BUILT_PRODUCTS_DIR; };
		D71A06BE242E5340004DAA58 /* AppDelegate.swift */ = {isa = PBXFileReference; lastKnownFileType = sourcecode.swift; path = AppDelegate.swift; sourceTree = "<group>"; };
		D71A06C2242E5340004DAA58 /* ViewController.swift */ = {isa = PBXFileReference; lastKnownFileType = sourcecode.swift; path = ViewController.swift; sourceTree = "<group>"; };
		D71A06C5242E5340004DAA58 /* Base */ = {isa = PBXFileReference; lastKnownFileType = file.storyboard; name = Base; path = Base.lproj/Main.storyboard; sourceTree = "<group>"; };
		D71A06C7242E5342004DAA58 /* Assets.xcassets */ = {isa = PBXFileReference; lastKnownFileType = folder.assetcatalog; path = Assets.xcassets; sourceTree = "<group>"; };
		D71A06CA242E5342004DAA58 /* Base */ = {isa = PBXFileReference; lastKnownFileType = file.storyboard; name = Base; path = Base.lproj/LaunchScreen.storyboard; sourceTree = "<group>"; };
		D71A06CC242E5342004DAA58 /* Info.plist */ = {isa = PBXFileReference; lastKnownFileType = text.plist.xml; path = Info.plist; sourceTree = "<group>"; };
		D71A06D32433B62B004DAA58 /* AllCitiesController.swift */ = {isa = PBXFileReference; lastKnownFileType = sourcecode.swift; path = AllCitiesController.swift; sourceTree = "<group>"; };
		D71A06D52433B665004DAA58 /* AllCitiesCell.swift */ = {isa = PBXFileReference; lastKnownFileType = sourcecode.swift; path = AllCitiesCell.swift; sourceTree = "<group>"; };
		D71A06DA2433BEA8004DAA58 /* MyCitiesCell.swift */ = {isa = PBXFileReference; lastKnownFileType = sourcecode.swift; path = MyCitiesCell.swift; sourceTree = "<group>"; };
		D71A06DC2433BEF2004DAA58 /* MyCitiesController.swift */ = {isa = PBXFileReference; lastKnownFileType = sourcecode.swift; path = MyCitiesController.swift; sourceTree = "<group>"; };
		D71A06E32434E364004DAA58 /* WeatherViewController.swift */ = {isa = PBXFileReference; lastKnownFileType = sourcecode.swift; path = WeatherViewController.swift; sourceTree = "<group>"; };
		D71A06E52434E395004DAA58 /* WeatherCell.swift */ = {isa = PBXFileReference; lastKnownFileType = sourcecode.swift; path = WeatherCell.swift; sourceTree = "<group>"; };
		D71A0705243893FC004DAA58 /* GradientView.swift */ = {isa = PBXFileReference; lastKnownFileType = sourcecode.swift; path = GradientView.swift; sourceTree = "<group>"; };
		D75763AC2441CF8B0065E684 /* day.swift */ = {isa = PBXFileReference; lastKnownFileType = sourcecode.swift; path = day.swift; sourceTree = "<group>"; };
		D75763AE2441D3410065E684 /* WeekDayPicker.swift */ = {isa = PBXFileReference; lastKnownFileType = sourcecode.swift; path = WeekDayPicker.swift; sourceTree = "<group>"; };
		D75763B624421DCC0065E684 /* CircleImage.swift */ = {isa = PBXFileReference; lastKnownFileType = sourcecode.swift; path = CircleImage.swift; sourceTree = "<group>"; };
		D75763BB2442223C0065E684 /* CityAll.swift */ = {isa = PBXFileReference; lastKnownFileType = sourcecode.swift; path = CityAll.swift; sourceTree = "<group>"; };
		D75763BD24424C080065E684 /* WeatherCollectionViewLayout.swift */ = {isa = PBXFileReference; lastKnownFileType = sourcecode.swift; path = WeatherCollectionViewLayout.swift; sourceTree = "<group>"; };
/* End PBXFileReference section */

/* Begin PBXFrameworksBuildPhase section */
		D71A06B8242E5340004DAA58 /* Frameworks */ = {
			isa = PBXFrameworksBuildPhase;
			buildActionMask = 2147483647;
			files = (
			);
			runOnlyForDeploymentPostprocessing = 0;
		};
/* End PBXFrameworksBuildPhase section */

/* Begin PBXGroup section */
		D71A06B2242E5340004DAA58 = {
			isa = PBXGroup;
			children = (
				D71A06BD242E5340004DAA58 /* WeatherApplication */,
				D71A06BC242E5340004DAA58 /* Products */,
			);
			sourceTree = "<group>";
		};
		D71A06BC242E5340004DAA58 /* Products */ = {
			isa = PBXGroup;
			children = (
				D71A06BB242E5340004DAA58 /* WeatherApplication.app */,
			);
			name = Products;
			sourceTree = "<group>";
		};
		D71A06BD242E5340004DAA58 /* WeatherApplication */ = {
			isa = PBXGroup;
			children = (
				D75763BA2442201D0065E684 /* City */,
				D75763B524421D520065E684 /* UI */,
				D75763AB2441CF740065E684 /* day */,
				D71A06DE2434D57C004DAA58 /* Weather */,
				D71A06D72433BDF0004DAA58 /* MyCity */,
				D71A06D22433B5DB004DAA58 /* New Group */,
				D71A06BE242E5340004DAA58 /* AppDelegate.swift */,
				D71A06C2242E5340004DAA58 /* ViewController.swift */,
				D71A06C4242E5340004DAA58 /* Main.storyboard */,
				D71A06C7242E5342004DAA58 /* Assets.xcassets */,
				D71A06C9242E5342004DAA58 /* LaunchScreen.storyboard */,
				D71A06CC242E5342004DAA58 /* Info.plist */,
				D71A0705243893FC004DAA58 /* GradientView.swift */,
			);
			path = WeatherApplication;
			sourceTree = "<group>";
		};
		D71A06D22433B5DB004DAA58 /* New Group */ = {
			isa = PBXGroup;
			children = (
				D71A06D32433B62B004DAA58 /* AllCitiesController.swift */,
				D71A06D52433B665004DAA58 /* AllCitiesCell.swift */,
			);
			path = "New Group";
			sourceTree = "<group>";
		};
		D71A06D72433BDF0004DAA58 /* MyCity */ = {
			isa = PBXGroup;
			children = (
				D71A06DA2433BEA8004DAA58 /* MyCitiesCell.swift */,
				D71A06DC2433BEF2004DAA58 /* MyCitiesController.swift */,
			);
			path = MyCity;
			sourceTree = "<group>";
		};
		D71A06DE2434D57C004DAA58 /* Weather */ = {
			isa = PBXGroup;
			children = (
				D71A06E32434E364004DAA58 /* WeatherViewController.swift */,
				D71A06E52434E395004DAA58 /* WeatherCell.swift */,
				D75763BD24424C080065E684 /* WeatherCollectionViewLayout.swift */,
			);
			path = Weather;
			sourceTree = "<group>";
		};
		D75763AB2441CF740065E684 /* day */ = {
			isa = PBXGroup;
			children = (
				D75763AC2441CF8B0065E684 /* day.swift */,
				D75763AE2441D3410065E684 /* WeekDayPicker.swift */,
			);
			path = day;
			sourceTree = "<group>";
		};
		D75763B524421D520065E684 /* UI */ = {
			isa = PBXGroup;
			children = (
				D75763B624421DCC0065E684 /* CircleImage.swift */,
			);
			path = UI;
			sourceTree = "<group>";
		};
		D75763BA2442201D0065E684 /* City */ = {
			isa = PBXGroup;
			children = (
				D75763BB2442223C0065E684 /* CityAll.swift */,
			);
			path = City;
			sourceTree = "<group>";
		};
/* End PBXGroup section */

/* Begin PBXNativeTarget section */
		D71A06BA242E5340004DAA58 /* WeatherApplication */ = {
			isa = PBXNativeTarget;
			buildConfigurationList = D71A06CF242E5342004DAA58 /* Build configuration list for PBXNativeTarget "WeatherApplication" */;
			buildPhases = (
				D71A06B7242E5340004DAA58 /* Sources */,
				D71A06B8242E5340004DAA58 /* Frameworks */,
				D71A06B9242E5340004DAA58 /* Resources */,
			);
			buildRules = (
			);
			dependencies = (
			);
			name = WeatherApplication;
			productName = WeatherApplication;
			productReference = D71A06BB242E5340004DAA58 /* WeatherApplication.app */;
			productType = "com.apple.product-type.application";
		};
/* End PBXNativeTarget section */

/* Begin PBXProject section */
		D71A06B3242E5340004DAA58 /* Project object */ = {
			isa = PBXProject;
			attributes = {
				LastSwiftUpdateCheck = 1140;
				LastUpgradeCheck = 1140;
				ORGANIZATIONNAME = "Oksana Zvereva";
				TargetAttributes = {
					D71A06BA242E5340004DAA58 = {
						CreatedOnToolsVersion = 11.4;
					};
				};
			};
			buildConfigurationList = D71A06B6242E5340004DAA58 /* Build configuration list for PBXProject "WeatherApplication" */;
			compatibilityVersion = "Xcode 9.3";
			developmentRegion = en;
			hasScannedForEncodings = 0;
			knownRegions = (
				en,
				Base,
			);
			mainGroup = D71A06B2242E5340004DAA58;
			productRefGroup = D71A06BC242E5340004DAA58 /* Products */;
			projectDirPath = "";
			projectRoot = "";
			targets = (
				D71A06BA242E5340004DAA58 /* WeatherApplication */,
			);
		};
/* End PBXProject section */

/* Begin PBXResourcesBuildPhase section */
		D71A06B9242E5340004DAA58 /* Resources */ = {
			isa = PBXResourcesBuildPhase;
			buildActionMask = 2147483647;
			files = (
				D71A06CB242E5342004DAA58 /* LaunchScreen.storyboard in Resources */,
				D71A06C8242E5342004DAA58 /* Assets.xcassets in Resources */,
				D71A06C6242E5340004DAA58 /* Main.storyboard in Resources */,
			);
			runOnlyForDeploymentPostprocessing = 0;
		};
/* End PBXResourcesBuildPhase section */

/* Begin PBXSourcesBuildPhase section */
		D71A06B7242E5340004DAA58 /* Sources */ = {
			isa = PBXSourcesBuildPhase;
			buildActionMask = 2147483647;
			files = (
				D71A06DB2433BEA8004DAA58 /* MyCitiesCell.swift in Sources */,
				D75763BE24424C080065E684 /* WeatherCollectionViewLayout.swift in Sources */,
				D75763BC2442223C0065E684 /* CityAll.swift in Sources */,
				D71A06D62433B665004DAA58 /* AllCitiesCell.swift in Sources */,
				D71A06C3242E5340004DAA58 /* ViewController.swift in Sources */,
				D75763AF2441D3410065E684 /* WeekDayPicker.swift in Sources */,
				D71A06BF242E5340004DAA58 /* AppDelegate.swift in Sources */,
				D75763B724421DCC0065E684 /* CircleImage.swift in Sources */,
				D71A06E62434E395004DAA58 /* WeatherCell.swift in Sources */,
				D71A06E42434E364004DAA58 /* WeatherViewController.swift in Sources */,
				D75763AD2441CF8B0065E684 /* day.swift in Sources */,
				D71A06DD2433BEF2004DAA58 /* MyCitiesController.swift in Sources */,
				D71A06D42433B62B004DAA58 /* AllCitiesController.swift in Sources */,
				D71A0706243893FC004DAA58 /* GradientView.swift in Sources */,
			);
			runOnlyForDeploymentPostprocessing = 0;
		};
/* End PBXSourcesBuildPhase section */

/* Begin PBXVariantGroup section */
		D71A06C4242E5340004DAA58 /* Main.storyboard */ = {
			isa = PBXVariantGroup;
			children = (
				D71A06C5242E5340004DAA58 /* Base */,
			);
			name = Main.storyboard;
			sourceTree = "<group>";
		};
		D71A06C9242E5342004DAA58 /* LaunchScreen.storyboard */ = {
			isa = PBXVariantGroup;
			children = (
				D71A06CA242E5342004DAA58 /* Base */,
			);
			name = LaunchScreen.storyboard;
			sourceTree = "<group>";
		};
/* End PBXVariantGroup section */

/* Begin XCBuildConfiguration section */
		D71A06CD242E5342004DAA58 /* Debug */ = {
			isa = XCBuildConfiguration;
			buildSettings = {
				ALWAYS_SEARCH_USER_PATHS = NO;
				CLANG_ANALYZER_NONNULL = YES;
				CLANG_ANALYZER_NUMBER_OBJECT_CONVERSION = YES_AGGRESSIVE;
				CLANG_CXX_LANGUAGE_STANDARD = "gnu++14";
				CLANG_CXX_LIBRARY = "libc++";
				CLANG_ENABLE_MODULES = YES;
				CLANG_ENABLE_OBJC_ARC = YES;
				CLANG_ENABLE_OBJC_WEAK = YES;
				CLANG_WARN_BLOCK_CAPTURE_AUTORELEASING = YES;
				CLANG_WARN_BOOL_CONVERSION = YES;
				CLANG_WARN_COMMA = YES;
				CLANG_WARN_CONSTANT_CONVERSION = YES;
				CLANG_WARN_DEPRECATED_OBJC_IMPLEMENTATIONS = YES;
				CLANG_WARN_DIRECT_OBJC_ISA_USAGE = YES_ERROR;
				CLANG_WARN_DOCUMENTATION_COMMENTS = YES;
				CLANG_WARN_EMPTY_BODY = YES;
				CLANG_WARN_ENUM_CONVERSION = YES;
				CLANG_WARN_INFINITE_RECURSION = YES;
				CLANG_WARN_INT_CONVERSION = YES;
				CLANG_WARN_NON_LITERAL_NULL_CONVERSION = YES;
				CLANG_WARN_OBJC_IMPLICIT_RETAIN_SELF = YES;
				CLANG_WARN_OBJC_LITERAL_CONVERSION = YES;
				CLANG_WARN_OBJC_ROOT_CLASS = YES_ERROR;
				CLANG_WARN_RANGE_LOOP_ANALYSIS = YES;
				CLANG_WARN_STRICT_PROTOTYPES = YES;
				CLANG_WARN_SUSPICIOUS_MOVE = YES;
				CLANG_WARN_UNGUARDED_AVAILABILITY = YES_AGGRESSIVE;
				CLANG_WARN_UNREACHABLE_CODE = YES;
				CLANG_WARN__DUPLICATE_METHOD_MATCH = YES;
				COPY_PHASE_STRIP = NO;
				DEBUG_INFORMATION_FORMAT = dwarf;
				ENABLE_STRICT_OBJC_MSGSEND = YES;
				ENABLE_TESTABILITY = YES;
				GCC_C_LANGUAGE_STANDARD = gnu11;
				GCC_DYNAMIC_NO_PIC = NO;
				GCC_NO_COMMON_BLOCKS = YES;
				GCC_OPTIMIZATION_LEVEL = 0;
				GCC_PREPROCESSOR_DEFINITIONS = (
					"DEBUG=1",
					"$(inherited)",
				);
				GCC_WARN_64_TO_32_BIT_CONVERSION = YES;
				GCC_WARN_ABOUT_RETURN_TYPE = YES_ERROR;
				GCC_WARN_UNDECLARED_SELECTOR = YES;
				GCC_WARN_UNINITIALIZED_AUTOS = YES_AGGRESSIVE;
				GCC_WARN_UNUSED_FUNCTION = YES;
				GCC_WARN_UNUSED_VARIABLE = YES;
				IPHONEOS_DEPLOYMENT_TARGET = 13.4;
				MTL_ENABLE_DEBUG_INFO = INCLUDE_SOURCE;
				MTL_FAST_MATH = YES;
				ONLY_ACTIVE_ARCH = YES;
				SDKROOT = iphoneos;
				SWIFT_ACTIVE_COMPILATION_CONDITIONS = DEBUG;
				SWIFT_OPTIMIZATION_LEVEL = "-Onone";
			};
			name = Debug;
		};
		D71A06CE242E5342004DAA58 /* Release */ = {
			isa = XCBuildConfiguration;
			buildSettings = {
				ALWAYS_SEARCH_USER_PATHS = NO;
				CLANG_ANALYZER_NONNULL = YES;
				CLANG_ANALYZER_NUMBER_OBJECT_CONVERSION = YES_AGGRESSIVE;
				CLANG_CXX_LANGUAGE_STANDARD = "gnu++14";
				CLANG_CXX_LIBRARY = "libc++";
				CLANG_ENABLE_MODULES = YES;
				CLANG_ENABLE_OBJC_ARC = YES;
				CLANG_ENABLE_OBJC_WEAK = YES;
				CLANG_WARN_BLOCK_CAPTURE_AUTORELEASING = YES;
				CLANG_WARN_BOOL_CONVERSION = YES;
				CLANG_WARN_COMMA = YES;
				CLANG_WARN_CONSTANT_CONVERSION = YES;
				CLANG_WARN_DEPRECATED_OBJC_IMPLEMENTATIONS = YES;
				CLANG_WARN_DIRECT_OBJC_ISA_USAGE = YES_ERROR;
				CLANG_WARN_DOCUMENTATION_COMMENTS = YES;
				CLANG_WARN_EMPTY_BODY = YES;
				CLANG_WARN_ENUM_CONVERSION = YES;
				CLANG_WARN_INFINITE_RECURSION = YES;
				CLANG_WARN_INT_CONVERSION = YES;
				CLANG_WARN_NON_LITERAL_NULL_CONVERSION = YES;
				CLANG_WARN_OBJC_IMPLICIT_RETAIN_SELF = YES;
				CLANG_WARN_OBJC_LITERAL_CONVERSION = YES;
				CLANG_WARN_OBJC_ROOT_CLASS = YES_ERROR;
				CLANG_WARN_RANGE_LOOP_ANALYSIS = YES;
				CLANG_WARN_STRICT_PROTOTYPES = YES;
				CLANG_WARN_SUSPICIOUS_MOVE = YES;
				CLANG_WARN_UNGUARDED_AVAILABILITY = YES_AGGRESSIVE;
				CLANG_WARN_UNREACHABLE_CODE = YES;
				CLANG_WARN__DUPLICATE_METHOD_MATCH = YES;
				COPY_PHASE_STRIP = NO;
				DEBUG_INFORMATION_FORMAT = "dwarf-with-dsym";
				ENABLE_NS_ASSERTIONS = NO;
				ENABLE_STRICT_OBJC_MSGSEND = YES;
				GCC_C_LANGUAGE_STANDARD = gnu11;
				GCC_NO_COMMON_BLOCKS = YES;
				GCC_WARN_64_TO_32_BIT_CONVERSION = YES;
				GCC_WARN_ABOUT_RETURN_TYPE = YES_ERROR;
				GCC_WARN_UNDECLARED_SELECTOR = YES;
				GCC_WARN_UNINITIALIZED_AUTOS = YES_AGGRESSIVE;
				GCC_WARN_UNUSED_FUNCTION = YES;
				GCC_WARN_UNUSED_VARIABLE = YES;
				IPHONEOS_DEPLOYMENT_TARGET = 13.4;
				MTL_ENABLE_DEBUG_INFO = NO;
				MTL_FAST_MATH = YES;
				SDKROOT = iphoneos;
				SWIFT_COMPILATION_MODE = wholemodule;
				SWIFT_OPTIMIZATION_LEVEL = "-O";
				VALIDATE_PRODUCT = YES;
			};
			name = Release;
		};
		D71A06D0242E5342004DAA58 /* Debug */ = {
			isa = XCBuildConfiguration;
			buildSettings = {
				ASSETCATALOG_COMPILER_APPICON_NAME = AppIcon;
				CODE_SIGN_STYLE = Automatic;
				DEVELOPMENT_TEAM = JHDC5TATVS;
				INFOPLIST_FILE = WeatherApplication/Info.plist;
				LD_RUNPATH_SEARCH_PATHS = (
					"$(inherited)",
					"@executable_path/Frameworks",
				);
				PRODUCT_BUNDLE_IDENTIFIER = OksanaZvereva.WeatherApplication;
				PRODUCT_NAME = "$(TARGET_NAME)";
				SWIFT_VERSION = 5.0;
				TARGETED_DEVICE_FAMILY = "1,2";
			};
			name = Debug;
		};
		D71A06D1242E5342004DAA58 /* Release */ = {
			isa = XCBuildConfiguration;
			buildSettings = {
				ASSETCATALOG_COMPILER_APPICON_NAME = AppIcon;
				CODE_SIGN_STYLE = Automatic;
				DEVELOPMENT_TEAM = JHDC5TATVS;
				INFOPLIST_FILE = WeatherApplication/Info.plist;
				LD_RUNPATH_SEARCH_PATHS = (
					"$(inherited)",
					"@executable_path/Frameworks",
				);
				PRODUCT_BUNDLE_IDENTIFIER = OksanaZvereva.WeatherApplication;
				PRODUCT_NAME = "$(TARGET_NAME)";
				SWIFT_VERSION = 5.0;
				TARGETED_DEVICE_FAMILY = "1,2";
			};
			name = Release;
		};
/* End XCBuildConfiguration section */

/* Begin XCConfigurationList section */
		D71A06B6242E5340004DAA58 /* Build configuration list for PBXProject "WeatherApplication" */ = {
			isa = XCConfigurationList;
			buildConfigurations = (
				D71A06CD242E5342004DAA58 /* Debug */,
				D71A06CE242E5342004DAA58 /* Release */,
			);
			defaultConfigurationIsVisible = 0;
			defaultConfigurationName = Release;
		};
		D71A06CF242E5342004DAA58 /* Build configuration list for PBXNativeTarget "WeatherApplication" */ = {
			isa = XCConfigurationList;
			buildConfigurations = (
				D71A06D0242E5342004DAA58 /* Debug */,
				D71A06D1242E5342004DAA58 /* Release */,
			);
			defaultConfigurationIsVisible = 0;
			defaultConfigurationName = Release;
		};
/* End XCConfigurationList section */
	};
	rootObject = D71A06B3242E5340004DAA58 /* Project object */;
}
