PODS:
  - Alamofire (5.2.1)
  - AlamofireImage (4.1.0):
    - Alamofire (~> 5.1)
  - Realm (5.0.3):
    - Realm/Headers (= 5.0.3)
  - Realm/Headers (5.0.3)
  - RealmSwift (5.0.3):
    - Realm (= 5.0.3)

DEPENDENCIES:
  - Alamofire (~> 5.1)
  - AlamofireImage (~> 4.1)
  - RealmSwift

SPEC REPOS:
  trunk:
    - Alamofire
    - AlamofireImage
    - Realm
    - RealmSwift

SPEC CHECKSUMS:
  Alamofire: e911732990610fe89af59ac0077f923d72dc3dfd
  AlamofireImage: c4a2ba349885fb3064feb74d2e547bd42ce9be10
  Realm: bfca1699b61b0b17c3a69ae0e648314eae91fbdb
  RealmSwift: 493c9f089cd3893b3959007973c0e4f640906ba0

PODFILE CHECKSUM: 1925076adb22c96381b7159792b26f500548b056

COCOAPODS: 1.9.1
